// !$*UTF8*$!
{
	archiveVersion = 1;
	classes = {
	};
	objectVersion = 51;
	objects = {

/* Begin PBXBuildFile section */
		0E40DFFF10C5782E42FC7E55 /* Pods_Instagram.framework in Frameworks */ = {isa = PBXBuildFile; fileRef = EBD5B426463FDE417984A936 /* Pods_Instagram.framework */; };
		A389742624CF196500B1226F /* AppDelegate.swift in Sources */ = {isa = PBXBuildFile; fileRef = A389742524CF196500B1226F /* AppDelegate.swift */; };
		A389742824CF196500B1226F /* SceneDelegate.swift in Sources */ = {isa = PBXBuildFile; fileRef = A389742724CF196500B1226F /* SceneDelegate.swift */; };
		A389742D24CF196500B1226F /* Main.storyboard in Resources */ = {isa = PBXBuildFile; fileRef = A389742B24CF196500B1226F /* Main.storyboard */; };
		A389742F24CF196900B1226F /* Assets.xcassets in Resources */ = {isa = PBXBuildFile; fileRef = A389742E24CF196900B1226F /* Assets.xcassets */; };
		A389743224CF196900B1226F /* LaunchScreen.storyboard in Resources */ = {isa = PBXBuildFile; fileRef = A389743024CF196900B1226F /* LaunchScreen.storyboard */; };
		A389743A24CF1AE400B1226F /* LoginViewController.swift in Sources */ = {isa = PBXBuildFile; fileRef = A389743924CF1AE400B1226F /* LoginViewController.swift */; };
		A389743C24CF1B0600B1226F /* HomeViewController.swift in Sources */ = {isa = PBXBuildFile; fileRef = A389743B24CF1B0600B1226F /* HomeViewController.swift */; };
		A389743E24CF1B1A00B1226F /* ImageSelectViewController.swift in Sources */ = {isa = PBXBuildFile; fileRef = A389743D24CF1B1A00B1226F /* ImageSelectViewController.swift */; };
		A389744024CF1B2F00B1226F /* PostViewController.swift in Sources */ = {isa = PBXBuildFile; fileRef = A389743F24CF1B2F00B1226F /* PostViewController.swift */; };
		A389744224CF1B4200B1226F /* SettingViewController.swift in Sources */ = {isa = PBXBuildFile; fileRef = A389744124CF1B4200B1226F /* SettingViewController.swift */; };
		A389744424D0F68100B1226F /* TabBarController.swift in Sources */ = {isa = PBXBuildFile; fileRef = A389744324D0F68100B1226F /* TabBarController.swift */; };
		A389744624D1578E00B1226F /* GoogleService-Info.plist in Resources */ = {isa = PBXBuildFile; fileRef = A389744524D1578E00B1226F /* GoogleService-Info.plist */; };
/* End PBXBuildFile section */

/* Begin PBXFileReference section */
		19C7155A72662427BE00C2AF /* Pods-Instagram.release.xcconfig */ = {isa = PBXFileReference; includeInIndex = 1; lastKnownFileType = text.xcconfig; name = "Pods-Instagram.release.xcconfig"; path = "Target Support Files/Pods-Instagram/Pods-Instagram.release.xcconfig"; sourceTree = "<group>"; };
		217FBCFC80A6AFD5E4E889C7 /* Pods-Instagram.debug.xcconfig */ = {isa = PBXFileReference; includeInIndex = 1; lastKnownFileType = text.xcconfig; name = "Pods-Instagram.debug.xcconfig"; path = "Target Support Files/Pods-Instagram/Pods-Instagram.debug.xcconfig"; sourceTree = "<group>"; };
		A389742224CF196500B1226F /* Instagram.app */ = {isa = PBXFileReference; explicitFileType = wrapper.application; includeInIndex = 0; path = Instagram.app; sourceTree = BUILT_PRODUCTS_DIR; };
		A389742524CF196500B1226F /* AppDelegate.swift */ = {isa = PBXFileReference; lastKnownFileType = sourcecode.swift; path = AppDelegate.swift; sourceTree = "<group>"; };
		A389742724CF196500B1226F /* SceneDelegate.swift */ = {isa = PBXFileReference; lastKnownFileType = sourcecode.swift; path = SceneDelegate.swift; sourceTree = "<group>"; };
		A389742C24CF196500B1226F /* Base */ = {isa = PBXFileReference; lastKnownFileType = file.storyboard; name = Base; path = Base.lproj/Main.storyboard; sourceTree = "<group>"; };
		A389742E24CF196900B1226F /* Assets.xcassets */ = {isa = PBXFileReference; lastKnownFileType = folder.assetcatalog; path = Assets.xcassets; sourceTree = "<group>"; };
		A389743124CF196900B1226F /* Base */ = {isa = PBXFileReference; lastKnownFileType = file.storyboard; name = Base; path = Base.lproj/LaunchScreen.storyboard; sourceTree = "<group>"; };
		A389743324CF196900B1226F /* Info.plist */ = {isa = PBXFileReference; lastKnownFileType = text.plist.xml; path = Info.plist; sourceTree = "<group>"; };
		A389743924CF1AE400B1226F /* LoginViewController.swift */ = {isa = PBXFileReference; lastKnownFileType = sourcecode.swift; path = LoginViewController.swift; sourceTree = "<group>"; };
		A389743B24CF1B0600B1226F /* HomeViewController.swift */ = {isa = PBXFileReference; lastKnownFileType = sourcecode.swift; path = HomeViewController.swift; sourceTree = "<group>"; };
		A389743D24CF1B1A00B1226F /* ImageSelectViewController.swift */ = {isa = PBXFileReference; lastKnownFileType = sourcecode.swift; path = ImageSelectViewController.swift; sourceTree = "<group>"; };
		A389743F24CF1B2F00B1226F /* PostViewController.swift */ = {isa = PBXFileReference; lastKnownFileType = sourcecode.swift; path = PostViewController.swift; sourceTree = "<group>"; };
		A389744124CF1B4200B1226F /* SettingViewController.swift */ = {isa = PBXFileReference; lastKnownFileType = sourcecode.swift; path = SettingViewController.swift; sourceTree = "<group>"; };
		A389744324D0F68100B1226F /* TabBarController.swift */ = {isa = PBXFileReference; lastKnownFileType = sourcecode.swift; path = TabBarController.swift; sourceTree = "<group>"; };
		A389744524D1578E00B1226F /* GoogleService-Info.plist */ = {isa = PBXFileReference; fileEncoding = 4; lastKnownFileType = text.plist.xml; path = "GoogleService-Info.plist"; sourceTree = "<group>"; };
		EBD5B426463FDE417984A936 /* Pods_Instagram.framework */ = {isa = PBXFileReference; explicitFileType = wrapper.framework; includeInIndex = 0; path = Pods_Instagram.framework; sourceTree = BUILT_PRODUCTS_DIR; };
/* End PBXFileReference section */

/* Begin PBXFrameworksBuildPhase section */
		A389741F24CF196500B1226F /* Frameworks */ = {
			isa = PBXFrameworksBuildPhase;
			buildActionMask = 2147483647;
			files = (
				0E40DFFF10C5782E42FC7E55 /* Pods_Instagram.framework in Frameworks */,
			);
			runOnlyForDeploymentPostprocessing = 0;
		};
/* End PBXFrameworksBuildPhase section */

/* Begin PBXGroup section */
		A389741924CF196500B1226F = {
			isa = PBXGroup;
			children = (
				A389742424CF196500B1226F /* Instagram */,
				A389742324CF196500B1226F /* Products */,
				C195896F9D36ECF4B37F1CD9 /* Pods */,
				A4ADAEFAB3DF6E0BC5743CCD /* Frameworks */,
			);
			sourceTree = "<group>";
		};
		A389742324CF196500B1226F /* Products */ = {
			isa = PBXGroup;
			children = (
				A389742224CF196500B1226F /* Instagram.app */,
			);
			name = Products;
			sourceTree = "<group>";
		};
		A389742424CF196500B1226F /* Instagram */ = {
			isa = PBXGroup;
			children = (
				A389742524CF196500B1226F /* AppDelegate.swift */,
				A389742724CF196500B1226F /* SceneDelegate.swift */,
				A389743924CF1AE400B1226F /* LoginViewController.swift */,
				A389743B24CF1B0600B1226F /* HomeViewController.swift */,
				A389743D24CF1B1A00B1226F /* ImageSelectViewController.swift */,
				A389743F24CF1B2F00B1226F /* PostViewController.swift */,
				A389744124CF1B4200B1226F /* SettingViewController.swift */,
				A389744324D0F68100B1226F /* TabBarController.swift */,
				A389742B24CF196500B1226F /* Main.storyboard */,
				A389744524D1578E00B1226F /* GoogleService-Info.plist */,
				A389742E24CF196900B1226F /* Assets.xcassets */,
				A389743024CF196900B1226F /* LaunchScreen.storyboard */,
				A389743324CF196900B1226F /* Info.plist */,
			);
			path = Instagram;
			sourceTree = "<group>";
		};
		A4ADAEFAB3DF6E0BC5743CCD /* Frameworks */ = {
			isa = PBXGroup;
			children = (
				EBD5B426463FDE417984A936 /* Pods_Instagram.framework */,
			);
			name = Frameworks;
			sourceTree = "<group>";
		};
		C195896F9D36ECF4B37F1CD9 /* Pods */ = {
			isa = PBXGroup;
			children = (
				217FBCFC80A6AFD5E4E889C7 /* Pods-Instagram.debug.xcconfig */,
				19C7155A72662427BE00C2AF /* Pods-Instagram.release.xcconfig */,
			);
			path = Pods;
			sourceTree = "<group>";
		};
/* End PBXGroup section */

/* Begin PBXNativeTarget section */
		A389742124CF196500B1226F /* Instagram */ = {
			isa = PBXNativeTarget;
			buildConfigurationList = A389743624CF196900B1226F /* Build configuration list for PBXNativeTarget "Instagram" */;
			buildPhases = (
				9C33299D3DAE9AB598E71B71 /* [CP] Check Pods Manifest.lock */,
				A389741E24CF196500B1226F /* Sources */,
				A389741F24CF196500B1226F /* Frameworks */,
				A389742024CF196500B1226F /* Resources */,
				A569D46BF7FB1C68DFF64C13 /* [CP] Embed Pods Frameworks */,
			);
			buildRules = (
			);
			dependencies = (
			);
			name = Instagram;
			productName = Instagram;
			productReference = A389742224CF196500B1226F /* Instagram.app */;
			productType = "com.apple.product-type.application";
		};
/* End PBXNativeTarget section */

/* Begin PBXProject section */
		A389741A24CF196500B1226F /* Project object */ = {
			isa = PBXProject;
			attributes = {
				LastSwiftUpdateCheck = 1110;
				LastUpgradeCheck = 1110;
				ORGANIZATIONNAME = kaisei.iwata;
				TargetAttributes = {
					A389742124CF196500B1226F = {
						CreatedOnToolsVersion = 11.1;
					};
				};
			};
			buildConfigurationList = A389741D24CF196500B1226F /* Build configuration list for PBXProject "Instagram" */;
			compatibilityVersion = "Xcode 9.3";
			developmentRegion = en;
			hasScannedForEncodings = 0;
			knownRegions = (
				en,
				Base,
			);
			mainGroup = A389741924CF196500B1226F;
			productRefGroup = A389742324CF196500B1226F /* Products */;
			projectDirPath = "";
			projectRoot = "";
			targets = (
				A389742124CF196500B1226F /* Instagram */,
			);
		};
/* End PBXProject section */

/* Begin PBXResourcesBuildPhase section */
		A389742024CF196500B1226F /* Resources */ = {
			isa = PBXResourcesBuildPhase;
			buildActionMask = 2147483647;
			files = (
				A389743224CF196900B1226F /* LaunchScreen.storyboard in Resources */,
				A389744624D1578E00B1226F /* GoogleService-Info.plist in Resources */,
				A389742F24CF196900B1226F /* Assets.xcassets in Resources */,
				A389742D24CF196500B1226F /* Main.storyboard in Resources */,
			);
			runOnlyForDeploymentPostprocessing = 0;
		};
/* End PBXResourcesBuildPhase section */

/* Begin PBXShellScriptBuildPhase section */
		9C33299D3DAE9AB598E71B71 /* [CP] Check Pods Manifest.lock */ = {
			isa = PBXShellScriptBuildPhase;
			buildActionMask = 2147483647;
			files = (
			);
			inputFileListPaths = (
			);
			inputPaths = (
				"${PODS_PODFILE_DIR_PATH}/Podfile.lock",
				"${PODS_ROOT}/Manifest.lock",
			);
			name = "[CP] Check Pods Manifest.lock";
			outputFileListPaths = (
			);
			outputPaths = (
				"$(DERIVED_FILE_DIR)/Pods-Instagram-checkManifestLockResult.txt",
			);
			runOnlyForDeploymentPostprocessing = 0;
			shellPath = /bin/sh;
			shellScript = "diff \"${PODS_PODFILE_DIR_PATH}/Podfile.lock\" \"${PODS_ROOT}/Manifest.lock\" > /dev/null\nif [ $? != 0 ] ; then\n    # print error to STDERR\n    echo \"error: The sandbox is not in sync with the Podfile.lock. Run 'pod install' or update your CocoaPods installation.\" >&2\n    exit 1\nfi\n# This output is used by Xcode 'outputs' to avoid re-running this script phase.\necho \"SUCCESS\" > \"${SCRIPT_OUTPUT_FILE_0}\"\n";
			showEnvVarsInLog = 0;
		};
		A569D46BF7FB1C68DFF64C13 /* [CP] Embed Pods Frameworks */ = {
			isa = PBXShellScriptBuildPhase;
			buildActionMask = 2147483647;
			files = (
			);
			inputFileListPaths = (
				"${PODS_ROOT}/Target Support Files/Pods-Instagram/Pods-Instagram-frameworks-${CONFIGURATION}-input-files.xcfilelist",
			);
			name = "[CP] Embed Pods Frameworks";
			outputFileListPaths = (
				"${PODS_ROOT}/Target Support Files/Pods-Instagram/Pods-Instagram-frameworks-${CONFIGURATION}-output-files.xcfilelist",
			);
			runOnlyForDeploymentPostprocessing = 0;
			shellPath = /bin/sh;
			shellScript = "\"${PODS_ROOT}/Target Support Files/Pods-Instagram/Pods-Instagram-frameworks.sh\"\n";
			showEnvVarsInLog = 0;
		};
/* End PBXShellScriptBuildPhase section */

/* Begin PBXSourcesBuildPhase section */
		A389741E24CF196500B1226F /* Sources */ = {
			isa = PBXSourcesBuildPhase;
			buildActionMask = 2147483647;
			files = (
				A389743E24CF1B1A00B1226F /* ImageSelectViewController.swift in Sources */,
				A389744424D0F68100B1226F /* TabBarController.swift in Sources */,
				A389743C24CF1B0600B1226F /* HomeViewController.swift in Sources */,
				A389744024CF1B2F00B1226F /* PostViewController.swift in Sources */,
				A389744224CF1B4200B1226F /* SettingViewController.swift in Sources */,
				A389743A24CF1AE400B1226F /* LoginViewController.swift in Sources */,
				A389742624CF196500B1226F /* AppDelegate.swift in Sources */,
				A389742824CF196500B1226F /* SceneDelegate.swift in Sources */,
			);
			runOnlyForDeploymentPostprocessing = 0;
		};
/* End PBXSourcesBuildPhase section */

/* Begin PBXVariantGroup section */
		A389742B24CF196500B1226F /* Main.storyboard */ = {
			isa = PBXVariantGroup;
			children = (
				A389742C24CF196500B1226F /* Base */,
			);
			name = Main.storyboard;
			sourceTree = "<group>";
		};
		A389743024CF196900B1226F /* LaunchScreen.storyboard */ = {
			isa = PBXVariantGroup;
			children = (
				A389743124CF196900B1226F /* Base */,
			);
			name = LaunchScreen.storyboard;
			sourceTree = "<group>";
		};
/* End PBXVariantGroup section */

/* Begin XCBuildConfiguration section */
		A389743424CF196900B1226F /* Debug */ = {
			isa = XCBuildConfiguration;
			buildSettings = {
				ALWAYS_SEARCH_USER_PATHS = NO;
				CLANG_ANALYZER_NONNULL = YES;
				CLANG_ANALYZER_NUMBER_OBJECT_CONVERSION = YES_AGGRESSIVE;
				CLANG_CXX_LANGUAGE_STANDARD = "gnu++14";
				CLANG_CXX_LIBRARY = "libc++";
				CLANG_ENABLE_MODULES = YES;
				CLANG_ENABLE_OBJC_ARC = YES;
				CLANG_ENABLE_OBJC_WEAK = YES;
				CLANG_WARN_BLOCK_CAPTURE_AUTORELEASING = YES;
				CLANG_WARN_BOOL_CONVERSION = YES;
				CLANG_WARN_COMMA = YES;
				CLANG_WARN_CONSTANT_CONVERSION = YES;
				CLANG_WARN_DEPRECATED_OBJC_IMPLEMENTATIONS = YES;
				CLANG_WARN_DIRECT_OBJC_ISA_USAGE = YES_ERROR;
				CLANG_WARN_DOCUMENTATION_COMMENTS = YES;
				CLANG_WARN_EMPTY_BODY = YES;
				CLANG_WARN_ENUM_CONVERSION = YES;
				CLANG_WARN_INFINITE_RECURSION = YES;
				CLANG_WARN_INT_CONVERSION = YES;
				CLANG_WARN_NON_LITERAL_NULL_CONVERSION = YES;
				CLANG_WARN_OBJC_IMPLICIT_RETAIN_SELF = YES;
				CLANG_WARN_OBJC_LITERAL_CONVERSION = YES;
				CLANG_WARN_OBJC_ROOT_CLASS = YES_ERROR;
				CLANG_WARN_RANGE_LOOP_ANALYSIS = YES;
				CLANG_WARN_STRICT_PROTOTYPES = YES;
				CLANG_WARN_SUSPICIOUS_MOVE = YES;
				CLANG_WARN_UNGUARDED_AVAILABILITY = YES_AGGRESSIVE;
				CLANG_WARN_UNREACHABLE_CODE = YES;
				CLANG_WARN__DUPLICATE_METHOD_MATCH = YES;
				COPY_PHASE_STRIP = NO;
				DEBUG_INFORMATION_FORMAT = dwarf;
				ENABLE_STRICT_OBJC_MSGSEND = YES;
				ENABLE_TESTABILITY = YES;
				GCC_C_LANGUAGE_STANDARD = gnu11;
				GCC_DYNAMIC_NO_PIC = NO;
				GCC_NO_COMMON_BLOCKS = YES;
				GCC_OPTIMIZATION_LEVEL = 0;
				GCC_PREPROCESSOR_DEFINITIONS = (
					"DEBUG=1",
					"$(inherited)",
				);
				GCC_WARN_64_TO_32_BIT_CONVERSION = YES;
				GCC_WARN_ABOUT_RETURN_TYPE = YES_ERROR;
				GCC_WARN_UNDECLARED_SELECTOR = YES;
				GCC_WARN_UNINITIALIZED_AUTOS = YES_AGGRESSIVE;
				GCC_WARN_UNUSED_FUNCTION = YES;
				GCC_WARN_UNUSED_VARIABLE = YES;
				IPHONEOS_DEPLOYMENT_TARGET = 13.1;
				MTL_ENABLE_DEBUG_INFO = INCLUDE_SOURCE;
				MTL_FAST_MATH = YES;
				ONLY_ACTIVE_ARCH = YES;
				SDKROOT = iphoneos;
				SWIFT_ACTIVE_COMPILATION_CONDITIONS = DEBUG;
				SWIFT_OPTIMIZATION_LEVEL = "-Onone";
			};
			name = Debug;
		};
		A389743524CF196900B1226F /* Release */ = {
			isa = XCBuildConfiguration;
			buildSettings = {
				ALWAYS_SEARCH_USER_PATHS = NO;
				CLANG_ANALYZER_NONNULL = YES;
				CLANG_ANALYZER_NUMBER_OBJECT_CONVERSION = YES_AGGRESSIVE;
				CLANG_CXX_LANGUAGE_STANDARD = "gnu++14";
				CLANG_CXX_LIBRARY = "libc++";
				CLANG_ENABLE_MODULES = YES;
				CLANG_ENABLE_OBJC_ARC = YES;
				CLANG_ENABLE_OBJC_WEAK = YES;
				CLANG_WARN_BLOCK_CAPTURE_AUTORELEASING = YES;
				CLANG_WARN_BOOL_CONVERSION = YES;
				CLANG_WARN_COMMA = YES;
				CLANG_WARN_CONSTANT_CONVERSION = YES;
				CLANG_WARN_DEPRECATED_OBJC_IMPLEMENTATIONS = YES;
				CLANG_WARN_DIRECT_OBJC_ISA_USAGE = YES_ERROR;
				CLANG_WARN_DOCUMENTATION_COMMENTS = YES;
				CLANG_WARN_EMPTY_BODY = YES;
				CLANG_WARN_ENUM_CONVERSION = YES;
				CLANG_WARN_INFINITE_RECURSION = YES;
				CLANG_WARN_INT_CONVERSION = YES;
				CLANG_WARN_NON_LITERAL_NULL_CONVERSION = YES;
				CLANG_WARN_OBJC_IMPLICIT_RETAIN_SELF = YES;
				CLANG_WARN_OBJC_LITERAL_CONVERSION = YES;
				CLANG_WARN_OBJC_ROOT_CLASS = YES_ERROR;
				CLANG_WARN_RANGE_LOOP_ANALYSIS = YES;
				CLANG_WARN_STRICT_PROTOTYPES = YES;
				CLANG_WARN_SUSPICIOUS_MOVE = YES;
				CLANG_WARN_UNGUARDED_AVAILABILITY = YES_AGGRESSIVE;
				CLANG_WARN_UNREACHABLE_CODE = YES;
				CLANG_WARN__DUPLICATE_METHOD_MATCH = YES;
				COPY_PHASE_STRIP = NO;
				DEBUG_INFORMATION_FORMAT = "dwarf-with-dsym";
				ENABLE_NS_ASSERTIONS = NO;
				ENABLE_STRICT_OBJC_MSGSEND = YES;
				GCC_C_LANGUAGE_STANDARD = gnu11;
				GCC_NO_COMMON_BLOCKS = YES;
				GCC_WARN_64_TO_32_BIT_CONVERSION = YES;
				GCC_WARN_ABOUT_RETURN_TYPE = YES_ERROR;
				GCC_WARN_UNDECLARED_SELECTOR = YES;
				GCC_WARN_UNINITIALIZED_AUTOS = YES_AGGRESSIVE;
				GCC_WARN_UNUSED_FUNCTION = YES;
				GCC_WARN_UNUSED_VARIABLE = YES;
				IPHONEOS_DEPLOYMENT_TARGET = 13.1;
				MTL_ENABLE_DEBUG_INFO = NO;
				MTL_FAST_MATH = YES;
				SDKROOT = iphoneos;
				SWIFT_COMPILATION_MODE = wholemodule;
				SWIFT_OPTIMIZATION_LEVEL = "-O";
				VALIDATE_PRODUCT = YES;
			};
			name = Release;
		};
		A389743724CF196900B1226F /* Debug */ = {
			isa = XCBuildConfiguration;
			baseConfigurationReference = 217FBCFC80A6AFD5E4E889C7 /* Pods-Instagram.debug.xcconfig */;
			buildSettings = {
				ASSETCATALOG_COMPILER_APPICON_NAME = AppIcon;
				CODE_SIGN_STYLE = Automatic;
				DEVELOPMENT_TEAM = 9J9FWPQU5K;
				INFOPLIST_FILE = Instagram/Info.plist;
				LD_RUNPATH_SEARCH_PATHS = (
					"$(inherited)",
					"@executable_path/Frameworks",
				);
				PRODUCT_BUNDLE_IDENTIFIER = jp.techacademy.kaisei.iwata.Instagram;
				PRODUCT_NAME = "$(TARGET_NAME)";
				SWIFT_VERSION = 5.0;
				TARGETED_DEVICE_FAMILY = 1;
			};
			name = Debug;
		};
		A389743824CF196900B1226F /* Release */ = {
			isa = XCBuildConfiguration;
			baseConfigurationReference = 19C7155A72662427BE00C2AF /* Pods-Instagram.release.xcconfig */;
			buildSettings = {
				ASSETCATALOG_COMPILER_APPICON_NAME = AppIcon;
				CODE_SIGN_STYLE = Automatic;
				DEVELOPMENT_TEAM = 9J9FWPQU5K;
				INFOPLIST_FILE = Instagram/Info.plist;
				LD_RUNPATH_SEARCH_PATHS = (
					"$(inherited)",
					"@executable_path/Frameworks",
				);
				PRODUCT_BUNDLE_IDENTIFIER = jp.techacademy.kaisei.iwata.Instagram;
				PRODUCT_NAME = "$(TARGET_NAME)";
				SWIFT_VERSION = 5.0;
				TARGETED_DEVICE_FAMILY = 1;
			};
			name = Release;
		};
/* End XCBuildConfiguration section */

/* Begin XCConfigurationList section */
		A389741D24CF196500B1226F /* Build configuration list for PBXProject "Instagram" */ = {
			isa = XCConfigurationList;
			buildConfigurations = (
				A389743424CF196900B1226F /* Debug */,
				A389743524CF196900B1226F /* Release */,
			);
			defaultConfigurationIsVisible = 0;
			defaultConfigurationName = Release;
		};
		A389743624CF196900B1226F /* Build configuration list for PBXNativeTarget "Instagram" */ = {
			isa = XCConfigurationList;
			buildConfigurations = (
				A389743724CF196900B1226F /* Debug */,
				A389743824CF196900B1226F /* Release */,
			);
			defaultConfigurationIsVisible = 0;
			defaultConfigurationName = Release;
		};
/* End XCConfigurationList section */
	};
	rootObject = A389741A24CF196500B1226F /* Project object */;
}
